
Microsoft Visual Studio Solution File, Format Version 12.00
# Visual Studio Version 17
VisualStudioVersion = 17.8.34309.116
MinimumVisualStudioVersion = 10.0.40219.1
Project("{FAE04EC0-301F-11D3-BF4B-00C04F79EFBC}") = "PustokSH", "PustokSH\PustokSH.csproj", "{6E740B02-D717-46C0-9BCF-12AE8B8A02BF}"
EndProject
Global
	GlobalSection(SolutionConfigurationPlatforms) = preSolution
		Debug|Any CPU = Debug|Any CPU
		Release|Any CPU = Release|Any CPU
	EndGlobalSection
	GlobalSection(ProjectConfigurationPlatforms) = postSolution
		{6E740B02-D717-46C0-9BCF-12AE8B8A02BF}.Debug|Any CPU.ActiveCfg = Debug|Any CPU
		{6E740B02-D717-46C0-9BCF-12AE8B8A02BF}.Debug|Any CPU.Build.0 = Debug|Any CPU
		{6E740B02-D717-46C0-9BCF-12AE8B8A02BF}.Release|Any CPU.ActiveCfg = Release|Any CPU
		{6E740B02-D717-46C0-9BCF-12AE8B8A02BF}.Release|Any CPU.Build.0 = Release|Any CPU
	EndGlobalSection
	GlobalSection(SolutionProperties) = preSolution
		HideSolutionNode = FALSE
	EndGlobalSection
	GlobalSection(ExtensibilityGlobals) = postSolution
		SolutionGuid = {4D944CA8-4624-4229-A240-1722C1AF7DD0}
	EndGlobalSection
EndGlobal
